
Microsoft Visual Studio Solution File, Format Version 12.00
# Visual Studio Version 17
VisualStudioVersion = 17.4.33205.214
MinimumVisualStudioVersion = 10.0.40219.1
Project("{888888A0-9F3D-457C-B088-3A5042F75D52}") = "2.05", "2.05.pyproj", "{9ACA36EA-9DBD-41A7-B0D4-D780870C9E6C}"
EndProject
Global
	GlobalSection(SolutionConfigurationPlatforms) = preSolution
		Debug|Any CPU = Debug|Any CPU
		Release|Any CPU = Release|Any CPU
	EndGlobalSection
	GlobalSection(ProjectConfigurationPlatforms) = postSolution
		{9ACA36EA-9DBD-41A7-B0D4-D780870C9E6C}.Debug|Any CPU.ActiveCfg = Debug|Any CPU
		{9ACA36EA-9DBD-41A7-B0D4-D780870C9E6C}.Release|Any CPU.ActiveCfg = Release|Any CPU
	EndGlobalSection
	GlobalSection(SolutionProperties) = preSolution
		HideSolutionNode = FALSE
	EndGlobalSection
	GlobalSection(ExtensibilityGlobals) = postSolution
		SolutionGuid = {C590C7FB-243F-4779-A123-5CFC2C9C5214}
	EndGlobalSection
EndGlobal
